{
  "name": "bl-production-tycoon",
  "version": "1.0.0",
  "lockfileVersion": 3,
  "requires": true,
  "packages": {
    "": {
      "name": "bl-production-tycoon",
      "version": "1.0.0",
      "dependencies": {
        "react": "^18.3.1",
        "react-dom": "^18.3.1"
      },
      "devDependencies": {
        "@vitejs/plugin-react": "^4.3.1",
        "vite": "^5.4.1"
      }
    },
    "node_modules/js-tokens": {
      "version": "4.0.0",
      "resolved": "https://registry.npmjs.org/js-tokens/-/js-tokens-4.0.0.tgz",
      "integrity": "sha512-RdJUflcQPoLWfVfm/0ScQ8A/34FSZl5mNIMXoCLvCJ9yChFiybiw14c/+/K0S68BE5NWcRRfMTiByIvOzqYKBA=="
    },
    "node_modules/picocolors": {
      "version": "1.1.1",
      "resolved": "https://registry.npmjs.org/picocolors/-/picocolors-1.1.1.tgz",
      "integrity": "sha512-xceH2snhtgQIysdjlApnAZLW83owDAw33yalhSstknVfkzY7YEC0d0GexcrFJ5cp9Ra7ccs6gRgyMACxaUKEIw==",
      "dev": true
    },
    "node_modules/react": {
      "version": "18.3.1",
      "resolved": "https://registry.npmjs.org/react/-/react-18.3.1.tgz",
      "integrity": "sha512-wS+hAgJShR0KhqFZ2QbyaxkPP3O/5gg9QtDlyFJsKrr2b9qV8eNVAKRY/4G8hYYnTp2n7fVBD3XCPQ3bBVlmow==",
      "dependencies": {
        "loose-envify": "^1.1.0"
      },
      "engines": {
        "node": ">=0.10.0"
      }
    },
    "node_modules/react-dom": {
      "version": "18.3.1",
      "resolved": "https://registry.npmjs.org/react-dom/-/react-dom-18.3.1.tgz",
      "integrity": "sha512-fmxn0m0tqifRP+EugsyPsJ60ZAuXLStMZruZUwVkKu4JdFkBe9xNYkP�cjMX1gCzoMIYIrU53OGxIZExV3+VPw==",
      "dependencies": {
        "loose-envify": "^1.1.0",
        "scheduler": "^0.23.2"
      },
      "peerDependencies": {
        "react": "^18.3.1"
      }
    },
    "node_modules/loose-envify": {
      "version": "1.4.0",
      "resolved": "https://registry.npmjs.org/loose-envify/-/loose-envify-1.4.0.tgz",
      "integrity": "sha512-lyuxPGr/wBqaQ6js1XQn4im9xqR21giniDqXltrBVxw0DQfmonLFZ2d0m4flaIm7a12QFK+YZGxr/4MchqWZvQ==",
      "dependencies": {
        "js-tokens": "^3.0.0 || ^4.0.0"
      },
      "bin": {
        "loose-envify": "cli.js"
      }
    },
    "node_modules/scheduler": {
      "version": "0.23.2",
      "resolved": "https://registry.npmjs.org/scheduler/-/scheduler-0.23.2.tgz",
      "integrity": "sha512-UOShYTKBIaC8sSgngo2atTtxS8jp7KSrFSddNE8TVDwtMkToV7hD2KO0vY+yu4o8b/S660c/9BPd2jVj9GFPY==",
      "dependencies": {
        "loose-envify": "^1.1.0"
      }
    },
    "node_modules/@vitejs/plugin-react": {
      "version": "4.3.1",
      "resolved": "https://registry.npmjs.org/@vitejs/plugin-react/-/plugin-react-4.3.1.tgz",
      "integrity": "sha512-m/V2syj5N0dBTVqYmCC4rTg49C+ynqY8Fv9SnAm2ZIan0N1xkuo41l36MgtRFbIrTsMLlbUtsCV8CW1Lner1ZA==",
      "dev": true,
      "dependencies": {
        "@babel/core": "^7.29.7",
        "@babel/plugin-transform-react-jsx-self": "^7.29.7",
        "@babel/plugin-transform-react-jsx-source": "^7.29.7"
      },
      "peerDependencies": {
        "vite": "^5.0.0"
      }
    },
    "node_modules/vite": {
      "version": "5.4.1",
      "resolved": "https://registry.npmjs.org/vite/-/vite-5.4.1.tgz",
      "integrity": "sha512-FP1w3hTo4H1eJToWgBFjKu1CSk15bHt48Q5WZHd4xc4/BECvQ7b9MbuQD/5XZPQyxL9PErQUuM8XdLqI7lZq3Q==",
      "dev": true,
      "dependencies": {
        "esbuild": "^0.21.0",
        "postcss": "^8.4.0",
        "rollup": "^4.13.0"
      },
      "bin": {
        "vite": "bin/vite.js"
      },
      "engines": {
        "node": "^18.0.0 || >=20.0.0"
      }
    },
    "node_modules/esbuild": {
      "version": "0.21.5",
      "resolved": "https://registry.npmjs.org/esbuild/-/esbuild-0.21.5.tgz",
      "integrity": "sha512-mg3OPMV4hChvpFziuqDIU1DHL0+yfoQAssCfSH+E51k7duJJwVwkV8LU2MBjoCO7UCX7U/Zlo2wIvZArgHA7tg==",
      "dev": true,
      "hasInstallScript": true,
      "bin": {
        "esbuild": "bin/esbuild.js"
      },
      "engines": {
        "node": ">=12"
      }
    },
    "node_modules/postcss": {
      "version": "8.4.47",
      "resolved": "https://registry.npmjs.org/postcss/-/postcss-8.4.47.tgz",
      "integrity": "sha512-/DJ0e3k9VX1GVrS1TQFPQN6C0o0DmcBJjcMlDzL2u7BdtPNlLvJOb6VJRQ/r4xdvT7M+6wn+E0bXBPV6s8jA==",
      "dev": true,
      "dependencies": {
        "nanoid": "^3.3.8",
        "picocolors": "^1.1.1",
        "source-map-js": "^1.2.0"
      },
      "engines": {
        "node": "^10 || ^12 || >=14"
      }
    },
    "node_modules/rollup": {
      "version": "4.26.1",
      "resolved": "https://registry.npmjs.org/rollup/-/rollup-4.26.1.tgz",
      "integrity": "sha512-yR9gLC/4Y/V1+T4T3gKhxJPqKVMKu6z7xHfpVQrHNRYSKgC6q7S4DlqB7Bg+f+dRKz1+6xqePDSXHuFqGgN7Q==",
      "dev": true,
      "bin": {
        "rollup": "dist/bin/rollup"
      },
      "engines": {
        "node": ">=18.0.0",
        "npm": ">=8.0.0"
      }
    },
    "node_modules/nanoid": {
      "version": "3.3.8",
      "resolved": "https://registry.npmjs.org/nanoid/-/nanoid-3.3.8.tgz",
      "integrity": "sha512-WNLvM5dL8nulSiUHkDQm0dRA87onyXmriD+7da75p7IvFABwtiZpgSWvVwYnZP7kyNADwgyKBNFtfT4v7f4QGA==",
      "dev": true,
      "bin": {
        "nanoid": "bin/nanoid.js"
      },
      "engines": {
        "node": "^10 || ^12 || ^13.7 || ^14 || >=15.0.1"
      }
    },
    "node_modules/source-map-js": {
      "version": "1.2.0",
      "resolved": "https://registry.npmjs.org/source-map-js/-/source-map-js-1.2.0.tgz",
      "integrity": "sha512-itJW8lvSA0TXn9T8tWEm9NQAsCqfLZIo+W/OISF7jEckMWPI4bmmxNzCcKnx4AEl9IW4EPooItem6dgnMvj9g==",
      "dev": true,
      "engines": {
        "node": ">=0.10.0"
      }
    },
    "node_modules/@babel/core": {
      "version": "7.29.7",
      "resolved": "https://registry.npmjs.org/@babel/core/-/core-7.29.7.tgz",
      "integrity": "sha512-RgHBCvtjbOK2gXSNBNIkNoEc9qoVEtau3hj8gEqKQuL3HZAibKarWFEI3Lfm6EYKkLalOh8eSrj9b+ch9H/VBA==",
      "dev": true
    },
    "node_modules/@babel/code-frame": {
      "version": "7.29.7",
      "resolved": "https://registry.npmjs.org/@babel/code-frame/-/code-frame-7.29.7.tgz",
      "integrity": "sha512-Aup7aUOfpbAUg2ROOJN6Iw5f9DMBlzu0mIkm/malLQFN/YQgO48wCj0Kxa3sEHJvPVFg7siR+qRInwXd2qhQKw==",
      "dev": true
    },
    "node_modules/@babel/plugin-transform-react-jsx-self": {
      "version": "7.29.7",
      "resolved": "https://registry.npmjs.org/@babel/plugin-transform-react-jsx-self/-/plugin-transform-react-jsx-self-7.29.7.tgz",
      "integrity": "sha512-TL0hMc9xzy86VD31nUiwzd5otRAcyEPcsegCxolO0PvcXuH1v0kECe/UIznYFihpkvU5wg/jk4v0TTEFfm53fw==",
      "dev": true
    },
    "node_modules/@babel/plugin-transform-react-jsx-source": {
      "version": "7.29.7",
      "resolved": "https://registry.npmjs.org/@babel/plugin-transform-react-jsx-source/-/plugin-transform-react-jsx-source-7.29.7.tgz",
      "integrity": "sha512-06IyK09H3wi4cGbhDBwp5gUGo0IKtnYa8tyTiephirPCK6fbobVGiXMMI5zLQ4aKEYP3wZ3ArU44o+8KMrSG/Q==",
      "dev": true
    }
  }
}
